
Microsoft Visual Studio Solution File, Format Version 12.00
# Visual Studio Version 17
VisualStudioVersion = 17.2.32616.157
MinimumVisualStudioVersion = 10.0.40219.1
Project("{FAE04EC0-301F-11D3-BF4B-00C04F79EFBC}") = "Labirentoyunu", "Labirentoyunu\Labirentoyunu.csproj", "{2FF60384-77EA-46FC-88E2-8893273C4E47}"
EndProject
Global
	GlobalSection(SolutionConfigurationPlatforms) = preSolution
		Debug|Any CPU = Debug|Any CPU
		Release|Any CPU = Release|Any CPU
	EndGlobalSection
	GlobalSection(ProjectConfigurationPlatforms) = postSolution
		{2FF60384-77EA-46FC-88E2-8893273C4E47}.Debug|Any CPU.ActiveCfg = Debug|Any CPU
		{2FF60384-77EA-46FC-88E2-8893273C4E47}.Debug|Any CPU.Build.0 = Debug|Any CPU
		{2FF60384-77EA-46FC-88E2-8893273C4E47}.Release|Any CPU.ActiveCfg = Release|Any CPU
		{2FF60384-77EA-46FC-88E2-8893273C4E47}.Release|Any CPU.Build.0 = Release|Any CPU
	EndGlobalSection
	GlobalSection(SolutionProperties) = preSolution
		HideSolutionNode = FALSE
	EndGlobalSection
	GlobalSection(ExtensibilityGlobals) = postSolution
		SolutionGuid = {3FD65444-A319-4F05-ACDE-FB07C0E167E9}
	EndGlobalSection
EndGlobal
